// !$*UTF8*$!
{
	archiveVersion = 1;
	classes = {
	};
	objectVersion = 51;
	objects = {

/* Begin PBXBuildFile section */
		4851B01140F0B037800A9B49 /* Pods_instagram.framework in Frameworks */ = {isa = PBXBuildFile; fileRef = D1D74742C68432A6B31FF506 /* Pods_instagram.framework */; };
		67A229E8257F105D00DD6FE9 /* AppDelegate.swift in Sources */ = {isa = PBXBuildFile; fileRef = 67A229E7257F105D00DD6FE9 /* AppDelegate.swift */; };
		67A229EA257F105D00DD6FE9 /* SceneDelegate.swift in Sources */ = {isa = PBXBuildFile; fileRef = 67A229E9257F105D00DD6FE9 /* SceneDelegate.swift */; };
		67A229EC257F105D00DD6FE9 /* HomeViewController.swift in Sources */ = {isa = PBXBuildFile; fileRef = 67A229EB257F105D00DD6FE9 /* HomeViewController.swift */; };
		67A229EF257F105D00DD6FE9 /* Main.storyboard in Resources */ = {isa = PBXBuildFile; fileRef = 67A229ED257F105D00DD6FE9 /* Main.storyboard */; };
		67A229F1257F106000DD6FE9 /* Assets.xcassets in Resources */ = {isa = PBXBuildFile; fileRef = 67A229F0257F106000DD6FE9 /* Assets.xcassets */; };
		67A229F4257F106000DD6FE9 /* LaunchScreen.storyboard in Resources */ = {isa = PBXBuildFile; fileRef = 67A229F2257F106000DD6FE9 /* LaunchScreen.storyboard */; };
		67F9737E257F1C8B00CD6872 /* ExploreViewController.swift in Sources */ = {isa = PBXBuildFile; fileRef = 67F9737D257F1C8B00CD6872 /* ExploreViewController.swift */; };
		67F97381257F1D2800CD6872 /* CameraViewController.swift in Sources */ = {isa = PBXBuildFile; fileRef = 67F97380257F1D2800CD6872 /* CameraViewController.swift */; };
		67F97384257F1D7900CD6872 /* NotificationViewController.swift in Sources */ = {isa = PBXBuildFile; fileRef = 67F97383257F1D7900CD6872 /* NotificationViewController.swift */; };
		67F97387257F1DB300CD6872 /* ProfileViewController.swift in Sources */ = {isa = PBXBuildFile; fileRef = 67F97386257F1DB300CD6872 /* ProfileViewController.swift */; };
		67F9738E257F1F8B00CD6872 /* LoginViewController.swift in Sources */ = {isa = PBXBuildFile; fileRef = 67F9738D257F1F8B00CD6872 /* LoginViewController.swift */; };
		67F97392257F1F9A00CD6872 /* RegistrationViewController.swift in Sources */ = {isa = PBXBuildFile; fileRef = 67F97391257F1F9A00CD6872 /* RegistrationViewController.swift */; };
		67F97395257F205400CD6872 /* PostViewController.swift in Sources */ = {isa = PBXBuildFile; fileRef = 67F97394257F205400CD6872 /* PostViewController.swift */; };
		67F97398257F207F00CD6872 /* EditProfileViewController.swift in Sources */ = {isa = PBXBuildFile; fileRef = 67F97397257F207F00CD6872 /* EditProfileViewController.swift */; };
		67F9739B257F209100CD6872 /* SettingsViewController.swift in Sources */ = {isa = PBXBuildFile; fileRef = 67F9739A257F209100CD6872 /* SettingsViewController.swift */; };
		67F9739E257F20B200CD6872 /* ListViewController.swift in Sources */ = {isa = PBXBuildFile; fileRef = 67F9739D257F20B200CD6872 /* ListViewController.swift */; };
		67F973A1257F20CE00CD6872 /* SearchViewController.swift in Sources */ = {isa = PBXBuildFile; fileRef = 67F973A0257F20CE00CD6872 /* SearchViewController.swift */; };
		67F973A4257F20E000CD6872 /* SearchResultViewController.swift in Sources */ = {isa = PBXBuildFile; fileRef = 67F973A3257F20E000CD6872 /* SearchResultViewController.swift */; };
		67F973A7257F211300CD6872 /* PostEditorViewController.swift in Sources */ = {isa = PBXBuildFile; fileRef = 67F973A6257F211300CD6872 /* PostEditorViewController.swift */; };
		67F973AA257F213B00CD6872 /* PublishPostViewController.swift in Sources */ = {isa = PBXBuildFile; fileRef = 67F973A9257F213B00CD6872 /* PublishPostViewController.swift */; };
		67F975182581C30500CD6872 /* FirebaseCore.framework in Frameworks */ = {isa = PBXBuildFile; fileRef = 67F975172581C30500CD6872 /* FirebaseCore.framework */; };
		67F975192581C30500CD6872 /* FirebaseCore.framework in Embed Frameworks */ = {isa = PBXBuildFile; fileRef = 67F975172581C30500CD6872 /* FirebaseCore.framework */; settings = {ATTRIBUTES = (CodeSignOnCopy, RemoveHeadersOnCopy, ); }; };
		67F975542581CA3200CD6872 /* GoogleService-Info.plist in Resources */ = {isa = PBXBuildFile; fileRef = 67F975532581CA3200CD6872 /* GoogleService-Info.plist */; };
		67F975562581D2F600CD6872 /* DatabaseManager.swift in Sources */ = {isa = PBXBuildFile; fileRef = 67F975552581D2F600CD6872 /* DatabaseManager.swift */; };
		67F975582581DAAA00CD6872 /* AuthManager.swift in Sources */ = {isa = PBXBuildFile; fileRef = 67F975572581DAAA00CD6872 /* AuthManager.swift */; };
		67F9755A2581DB2200CD6872 /* StorageManager.swift in Sources */ = {isa = PBXBuildFile; fileRef = 67F975592581DB2200CD6872 /* StorageManager.swift */; };
/* End PBXBuildFile section */

/* Begin PBXCopyFilesBuildPhase section */
		67F9751A2581C30500CD6872 /* Embed Frameworks */ = {
			isa = PBXCopyFilesBuildPhase;
			buildActionMask = 2147483647;
			dstPath = "";
			dstSubfolderSpec = 10;
			files = (
				67F975192581C30500CD6872 /* FirebaseCore.framework in Embed Frameworks */,
			);
			name = "Embed Frameworks";
			runOnlyForDeploymentPostprocessing = 0;
		};
/* End PBXCopyFilesBuildPhase section */

/* Begin PBXFileReference section */
		1256DECD6D215AC65683488F /* Pods-instagram.debug.xcconfig */ = {isa = PBXFileReference; includeInIndex = 1; lastKnownFileType = text.xcconfig; name = "Pods-instagram.debug.xcconfig"; path = "Target Support Files/Pods-instagram/Pods-instagram.debug.xcconfig"; sourceTree = "<group>"; };
		4092B829B5A27240E6475EAA /* Pods-instagram.release.xcconfig */ = {isa = PBXFileReference; includeInIndex = 1; lastKnownFileType = text.xcconfig; name = "Pods-instagram.release.xcconfig"; path = "Target Support Files/Pods-instagram/Pods-instagram.release.xcconfig"; sourceTree = "<group>"; };
		67A229E4257F105D00DD6FE9 /* instagram.app */ = {isa = PBXFileReference; explicitFileType = wrapper.application; includeInIndex = 0; path = instagram.app; sourceTree = BUILT_PRODUCTS_DIR; };
		67A229E7257F105D00DD6FE9 /* AppDelegate.swift */ = {isa = PBXFileReference; lastKnownFileType = sourcecode.swift; path = AppDelegate.swift; sourceTree = "<group>"; };
		67A229E9257F105D00DD6FE9 /* SceneDelegate.swift */ = {isa = PBXFileReference; lastKnownFileType = sourcecode.swift; path = SceneDelegate.swift; sourceTree = "<group>"; };
		67A229EB257F105D00DD6FE9 /* HomeViewController.swift */ = {isa = PBXFileReference; lastKnownFileType = sourcecode.swift; path = HomeViewController.swift; sourceTree = "<group>"; };
		67A229EE257F105D00DD6FE9 /* Base */ = {isa = PBXFileReference; lastKnownFileType = file.storyboard; name = Base; path = Base.lproj/Main.storyboard; sourceTree = "<group>"; };
		67A229F0257F106000DD6FE9 /* Assets.xcassets */ = {isa = PBXFileReference; lastKnownFileType = folder.assetcatalog; path = Assets.xcassets; sourceTree = "<group>"; };
		67A229F3257F106000DD6FE9 /* Base */ = {isa = PBXFileReference; lastKnownFileType = file.storyboard; name = Base; path = Base.lproj/LaunchScreen.storyboard; sourceTree = "<group>"; };
		67A229F5257F106000DD6FE9 /* Info.plist */ = {isa = PBXFileReference; lastKnownFileType = text.plist.xml; path = Info.plist; sourceTree = "<group>"; };
		67F9737D257F1C8B00CD6872 /* ExploreViewController.swift */ = {isa = PBXFileReference; lastKnownFileType = sourcecode.swift; path = ExploreViewController.swift; sourceTree = "<group>"; };
		67F97380257F1D2800CD6872 /* CameraViewController.swift */ = {isa = PBXFileReference; lastKnownFileType = sourcecode.swift; path = CameraViewController.swift; sourceTree = "<group>"; };
		67F97383257F1D7900CD6872 /* NotificationViewController.swift */ = {isa = PBXFileReference; lastKnownFileType = sourcecode.swift; path = NotificationViewController.swift; sourceTree = "<group>"; };
		67F97386257F1DB300CD6872 /* ProfileViewController.swift */ = {isa = PBXFileReference; lastKnownFileType = sourcecode.swift; path = ProfileViewController.swift; sourceTree = "<group>"; };
		67F9738D257F1F8B00CD6872 /* LoginViewController.swift */ = {isa = PBXFileReference; lastKnownFileType = sourcecode.swift; path = LoginViewController.swift; sourceTree = "<group>"; };
		67F97391257F1F9A00CD6872 /* RegistrationViewController.swift */ = {isa = PBXFileReference; lastKnownFileType = sourcecode.swift; path = RegistrationViewController.swift; sourceTree = "<group>"; };
		67F97394257F205400CD6872 /* PostViewController.swift */ = {isa = PBXFileReference; lastKnownFileType = sourcecode.swift; path = PostViewController.swift; sourceTree = "<group>"; };
		67F97397257F207F00CD6872 /* EditProfileViewController.swift */ = {isa = PBXFileReference; lastKnownFileType = sourcecode.swift; path = EditProfileViewController.swift; sourceTree = "<group>"; };
		67F9739A257F209100CD6872 /* SettingsViewController.swift */ = {isa = PBXFileReference; lastKnownFileType = sourcecode.swift; path = SettingsViewController.swift; sourceTree = "<group>"; };
		67F9739D257F20B200CD6872 /* ListViewController.swift */ = {isa = PBXFileReference; lastKnownFileType = sourcecode.swift; path = ListViewController.swift; sourceTree = "<group>"; };
		67F973A0257F20CE00CD6872 /* SearchViewController.swift */ = {isa = PBXFileReference; lastKnownFileType = sourcecode.swift; path = SearchViewController.swift; sourceTree = "<group>"; };
		67F973A3257F20E000CD6872 /* SearchResultViewController.swift */ = {isa = PBXFileReference; lastKnownFileType = sourcecode.swift; path = SearchResultViewController.swift; sourceTree = "<group>"; };
		67F973A6257F211300CD6872 /* PostEditorViewController.swift */ = {isa = PBXFileReference; lastKnownFileType = sourcecode.swift; path = PostEditorViewController.swift; sourceTree = "<group>"; };
		67F973A9257F213B00CD6872 /* PublishPostViewController.swift */ = {isa = PBXFileReference; lastKnownFileType = sourcecode.swift; path = PublishPostViewController.swift; sourceTree = "<group>"; };
		67F975172581C30500CD6872 /* FirebaseCore.framework */ = {isa = PBXFileReference; explicitFileType = wrapper.framework; path = FirebaseCore.framework; sourceTree = BUILT_PRODUCTS_DIR; };
		67F9751B2581C32300CD6872 /* Appirater.framework */ = {isa = PBXFileReference; explicitFileType = wrapper.framework; path = Appirater.framework; sourceTree = BUILT_PRODUCTS_DIR; };
		67F975532581CA3200CD6872 /* GoogleService-Info.plist */ = {isa = PBXFileReference; fileEncoding = 4; lastKnownFileType = text.plist.xml; path = "GoogleService-Info.plist"; sourceTree = "<group>"; };
		67F975552581D2F600CD6872 /* DatabaseManager.swift */ = {isa = PBXFileReference; lastKnownFileType = sourcecode.swift; path = DatabaseManager.swift; sourceTree = "<group>"; };
		67F975572581DAAA00CD6872 /* AuthManager.swift */ = {isa = PBXFileReference; lastKnownFileType = sourcecode.swift; path = AuthManager.swift; sourceTree = "<group>"; };
		67F975592581DB2200CD6872 /* StorageManager.swift */ = {isa = PBXFileReference; lastKnownFileType = sourcecode.swift; path = StorageManager.swift; sourceTree = "<group>"; };
		D1D74742C68432A6B31FF506 /* Pods_instagram.framework */ = {isa = PBXFileReference; explicitFileType = wrapper.framework; includeInIndex = 0; path = Pods_instagram.framework; sourceTree = BUILT_PRODUCTS_DIR; };
/* End PBXFileReference section */

/* Begin PBXFrameworksBuildPhase section */
		67A229E1257F105D00DD6FE9 /* Frameworks */ = {
			isa = PBXFrameworksBuildPhase;
			buildActionMask = 2147483647;
			files = (
				67F975182581C30500CD6872 /* FirebaseCore.framework in Frameworks */,
				4851B01140F0B037800A9B49 /* Pods_instagram.framework in Frameworks */,
			);
			runOnlyForDeploymentPostprocessing = 0;
		};
/* End PBXFrameworksBuildPhase section */

/* Begin PBXGroup section */
		0D5F20F525505CBF60A9E54B /* Frameworks */ = {
			isa = PBXGroup;
			children = (
				67F9751B2581C32300CD6872 /* Appirater.framework */,
				67F975172581C30500CD6872 /* FirebaseCore.framework */,
				D1D74742C68432A6B31FF506 /* Pods_instagram.framework */,
			);
			name = Frameworks;
			sourceTree = "<group>";
		};
		42104471821D6C6395695694 /* Pods */ = {
			isa = PBXGroup;
			children = (
				1256DECD6D215AC65683488F /* Pods-instagram.debug.xcconfig */,
				4092B829B5A27240E6475EAA /* Pods-instagram.release.xcconfig */,
			);
			path = Pods;
			sourceTree = "<group>";
		};
		67A229DB257F105D00DD6FE9 = {
			isa = PBXGroup;
			children = (
				67A229E6257F105D00DD6FE9 /* instagram */,
				67A229E5257F105D00DD6FE9 /* Products */,
				42104471821D6C6395695694 /* Pods */,
				0D5F20F525505CBF60A9E54B /* Frameworks */,
			);
			sourceTree = "<group>";
		};
		67A229E5257F105D00DD6FE9 /* Products */ = {
			isa = PBXGroup;
			children = (
				67A229E4257F105D00DD6FE9 /* instagram.app */,
			);
			name = Products;
			sourceTree = "<group>";
		};
		67A229E6257F105D00DD6FE9 /* instagram */ = {
			isa = PBXGroup;
			children = (
				67F97378257F1ACA00CD6872 /* Resources */,
				67F97377257F1AC500CD6872 /* Views */,
				67F97376257F1ABF00CD6872 /* Models */,
				67F97375257F1AAE00CD6872 /* Controllers */,
				67A229F5257F106000DD6FE9 /* Info.plist */,
			);
			path = instagram;
			sourceTree = "<group>";
		};
		67F97375257F1AAE00CD6872 /* Controllers */ = {
			isa = PBXGroup;
			children = (
				67F9738B257F1F6200CD6872 /* Other */,
				67F97389257F1DFD00CD6872 /* Core Tabs */,
			);
			path = Controllers;
			sourceTree = "<group>";
		};
		67F97376257F1ABF00CD6872 /* Models */ = {
			isa = PBXGroup;
			children = (
			);
			path = Models;
			sourceTree = "<group>";
		};
		67F97377257F1AC500CD6872 /* Views */ = {
			isa = PBXGroup;
			children = (
				67A229F0257F106000DD6FE9 /* Assets.xcassets */,
				67F9737B257F1B2900CD6872 /* Storyboards */,
			);
			path = Views;
			sourceTree = "<group>";
		};
		67F97378257F1ACA00CD6872 /* Resources */ = {
			isa = PBXGroup;
			children = (
				67A229E7257F105D00DD6FE9 /* AppDelegate.swift */,
				67A229E9257F105D00DD6FE9 /* SceneDelegate.swift */,
				67F975532581CA3200CD6872 /* GoogleService-Info.plist */,
				67F975552581D2F600CD6872 /* DatabaseManager.swift */,
				67F975572581DAAA00CD6872 /* AuthManager.swift */,
				67F975592581DB2200CD6872 /* StorageManager.swift */,
			);
			path = Resources;
			sourceTree = "<group>";
		};
		67F9737B257F1B2900CD6872 /* Storyboards */ = {
			isa = PBXGroup;
			children = (
				67A229ED257F105D00DD6FE9 /* Main.storyboard */,
				67A229F2257F106000DD6FE9 /* LaunchScreen.storyboard */,
			);
			path = Storyboards;
			sourceTree = "<group>";
		};
		67F97389257F1DFD00CD6872 /* Core Tabs */ = {
			isa = PBXGroup;
			children = (
				67A229EB257F105D00DD6FE9 /* HomeViewController.swift */,
				67F9737D257F1C8B00CD6872 /* ExploreViewController.swift */,
				67F97380257F1D2800CD6872 /* CameraViewController.swift */,
				67F97383257F1D7900CD6872 /* NotificationViewController.swift */,
				67F97386257F1DB300CD6872 /* ProfileViewController.swift */,
			);
			path = "Core Tabs";
			sourceTree = "<group>";
		};
		67F9738B257F1F6200CD6872 /* Other */ = {
			isa = PBXGroup;
			children = (
				67F9738C257F1F6A00CD6872 /* Onboarding */,
				67F973EE2581BEB500CD6872 /* General */,
			);
			path = Other;
			sourceTree = "<group>";
		};
		67F9738C257F1F6A00CD6872 /* Onboarding */ = {
			isa = PBXGroup;
			children = (
				67F9738D257F1F8B00CD6872 /* LoginViewController.swift */,
				67F97391257F1F9A00CD6872 /* RegistrationViewController.swift */,
			);
			path = Onboarding;
			sourceTree = "<group>";
		};
		67F973EE2581BEB500CD6872 /* General */ = {
			isa = PBXGroup;
			children = (
				67F97394257F205400CD6872 /* PostViewController.swift */,
				67F97397257F207F00CD6872 /* EditProfileViewController.swift */,
				67F9739A257F209100CD6872 /* SettingsViewController.swift */,
				67F9739D257F20B200CD6872 /* ListViewController.swift */,
				67F973A0257F20CE00CD6872 /* SearchViewController.swift */,
				67F973A3257F20E000CD6872 /* SearchResultViewController.swift */,
				67F973A6257F211300CD6872 /* PostEditorViewController.swift */,
				67F973A9257F213B00CD6872 /* PublishPostViewController.swift */,
			);
			path = General;
			sourceTree = "<group>";
		};
/* End PBXGroup section */

/* Begin PBXNativeTarget section */
		67A229E3257F105D00DD6FE9 /* instagram */ = {
			isa = PBXNativeTarget;
			buildConfigurationList = 67A229F8257F106000DD6FE9 /* Build configuration list for PBXNativeTarget "instagram" */;
			buildPhases = (
				44DFE1C53BCCD09EF8EF3224 /* [CP] Check Pods Manifest.lock */,
				67A229E0257F105D00DD6FE9 /* Sources */,
				67A229E1257F105D00DD6FE9 /* Frameworks */,
				67A229E2257F105D00DD6FE9 /* Resources */,
				67F9751A2581C30500CD6872 /* Embed Frameworks */,
				1DF5A3817488B4E34235F281 /* [CP] Embed Pods Frameworks */,
			);
			buildRules = (
			);
			dependencies = (
			);
			name = instagram;
			productName = instagram;
			productReference = 67A229E4257F105D00DD6FE9 /* instagram.app */;
			productType = "com.apple.product-type.application";
		};
/* End PBXNativeTarget section */

/* Begin PBXProject section */
		67A229DC257F105D00DD6FE9 /* Project object */ = {
			isa = PBXProject;
			attributes = {
				LastSwiftUpdateCheck = 1220;
				LastUpgradeCheck = 1220;
				TargetAttributes = {
					67A229E3257F105D00DD6FE9 = {
						CreatedOnToolsVersion = 12.2;
					};
				};
			};
			buildConfigurationList = 67A229DF257F105D00DD6FE9 /* Build configuration list for PBXProject "instagram" */;
			compatibilityVersion = "Xcode 9.3";
			developmentRegion = en;
			hasScannedForEncodings = 0;
			knownRegions = (
				en,
				Base,
			);
			mainGroup = 67A229DB257F105D00DD6FE9;
			productRefGroup = 67A229E5257F105D00DD6FE9 /* Products */;
			projectDirPath = "";
			projectRoot = "";
			targets = (
				67A229E3257F105D00DD6FE9 /* instagram */,
			);
		};
/* End PBXProject section */

/* Begin PBXResourcesBuildPhase section */
		67A229E2257F105D00DD6FE9 /* Resources */ = {
			isa = PBXResourcesBuildPhase;
			buildActionMask = 2147483647;
			files = (
				67A229F4257F106000DD6FE9 /* LaunchScreen.storyboard in Resources */,
				67F975542581CA3200CD6872 /* GoogleService-Info.plist in Resources */,
				67A229F1257F106000DD6FE9 /* Assets.xcassets in Resources */,
				67A229EF257F105D00DD6FE9 /* Main.storyboard in Resources */,
			);
			runOnlyForDeploymentPostprocessing = 0;
		};
/* End PBXResourcesBuildPhase section */

/* Begin PBXShellScriptBuildPhase section */
		1DF5A3817488B4E34235F281 /* [CP] Embed Pods Frameworks */ = {
			isa = PBXShellScriptBuildPhase;
			buildActionMask = 2147483647;
			files = (
			);
			inputFileListPaths = (
				"${PODS_ROOT}/Target Support Files/Pods-instagram/Pods-instagram-frameworks-${CONFIGURATION}-input-files.xcfilelist",
			);
			name = "[CP] Embed Pods Frameworks";
			outputFileListPaths = (
				"${PODS_ROOT}/Target Support Files/Pods-instagram/Pods-instagram-frameworks-${CONFIGURATION}-output-files.xcfilelist",
			);
			runOnlyForDeploymentPostprocessing = 0;
			shellPath = /bin/sh;
			shellScript = "\"${PODS_ROOT}/Target Support Files/Pods-instagram/Pods-instagram-frameworks.sh\"\n";
			showEnvVarsInLog = 0;
		};
		44DFE1C53BCCD09EF8EF3224 /* [CP] Check Pods Manifest.lock */ = {
			isa = PBXShellScriptBuildPhase;
			buildActionMask = 2147483647;
			files = (
			);
			inputFileListPaths = (
			);
			inputPaths = (
				"${PODS_PODFILE_DIR_PATH}/Podfile.lock",
				"${PODS_ROOT}/Manifest.lock",
			);
			name = "[CP] Check Pods Manifest.lock";
			outputFileListPaths = (
			);
			outputPaths = (
				"$(DERIVED_FILE_DIR)/Pods-instagram-checkManifestLockResult.txt",
			);
			runOnlyForDeploymentPostprocessing = 0;
			shellPath = /bin/sh;
			shellScript = "diff \"${PODS_PODFILE_DIR_PATH}/Podfile.lock\" \"${PODS_ROOT}/Manifest.lock\" > /dev/null\nif [ $? != 0 ] ; then\n    # print error to STDERR\n    echo \"error: The sandbox is not in sync with the Podfile.lock. Run 'pod install' or update your CocoaPods installation.\" >&2\n    exit 1\nfi\n# This output is used by Xcode 'outputs' to avoid re-running this script phase.\necho \"SUCCESS\" > \"${SCRIPT_OUTPUT_FILE_0}\"\n";
			showEnvVarsInLog = 0;
		};
/* End PBXShellScriptBuildPhase section */

/* Begin PBXSourcesBuildPhase section */
		67A229E0257F105D00DD6FE9 /* Sources */ = {
			isa = PBXSourcesBuildPhase;
			buildActionMask = 2147483647;
			files = (
				67F97398257F207F00CD6872 /* EditProfileViewController.swift in Sources */,
				67F9737E257F1C8B00CD6872 /* ExploreViewController.swift in Sources */,
				67F973AA257F213B00CD6872 /* PublishPostViewController.swift in Sources */,
				67F97381257F1D2800CD6872 /* CameraViewController.swift in Sources */,
				67F97384257F1D7900CD6872 /* NotificationViewController.swift in Sources */,
				67F97392257F1F9A00CD6872 /* RegistrationViewController.swift in Sources */,
				67F973A7257F211300CD6872 /* PostEditorViewController.swift in Sources */,
				67F9755A2581DB2200CD6872 /* StorageManager.swift in Sources */,
				67F97395257F205400CD6872 /* PostViewController.swift in Sources */,
				67F975562581D2F600CD6872 /* DatabaseManager.swift in Sources */,
				67A229EC257F105D00DD6FE9 /* HomeViewController.swift in Sources */,
				67F973A4257F20E000CD6872 /* SearchResultViewController.swift in Sources */,
				67F9738E257F1F8B00CD6872 /* LoginViewController.swift in Sources */,
				67F973A1257F20CE00CD6872 /* SearchViewController.swift in Sources */,
				67F97387257F1DB300CD6872 /* ProfileViewController.swift in Sources */,
				67F975582581DAAA00CD6872 /* AuthManager.swift in Sources */,
				67A229E8257F105D00DD6FE9 /* AppDelegate.swift in Sources */,
				67A229EA257F105D00DD6FE9 /* SceneDelegate.swift in Sources */,
				67F9739E257F20B200CD6872 /* ListViewController.swift in Sources */,
				67F9739B257F209100CD6872 /* SettingsViewController.swift in Sources */,
			);
			runOnlyForDeploymentPostprocessing = 0;
		};
/* End PBXSourcesBuildPhase section */

/* Begin PBXVariantGroup section */
		67A229ED257F105D00DD6FE9 /* Main.storyboard */ = {
			isa = PBXVariantGroup;
			children = (
				67A229EE257F105D00DD6FE9 /* Base */,
			);
			name = Main.storyboard;
			sourceTree = "<group>";
		};
		67A229F2257F106000DD6FE9 /* LaunchScreen.storyboard */ = {
			isa = PBXVariantGroup;
			children = (
				67A229F3257F106000DD6FE9 /* Base */,
			);
			name = LaunchScreen.storyboard;
			sourceTree = "<group>";
		};
/* End PBXVariantGroup section */

/* Begin XCBuildConfiguration section */
		67A229F6257F106000DD6FE9 /* Debug */ = {
			isa = XCBuildConfiguration;
			buildSettings = {
				ALWAYS_SEARCH_USER_PATHS = NO;
				CLANG_ANALYZER_NONNULL = YES;
				CLANG_ANALYZER_NUMBER_OBJECT_CONVERSION = YES_AGGRESSIVE;
				CLANG_CXX_LANGUAGE_STANDARD = "gnu++14";
				CLANG_CXX_LIBRARY = "libc++";
				CLANG_ENABLE_MODULES = YES;
				CLANG_ENABLE_OBJC_ARC = YES;
				CLANG_ENABLE_OBJC_WEAK = YES;
				CLANG_WARN_BLOCK_CAPTURE_AUTORELEASING = YES;
				CLANG_WARN_BOOL_CONVERSION = YES;
				CLANG_WARN_COMMA = YES;
				CLANG_WARN_CONSTANT_CONVERSION = YES;
				CLANG_WARN_DEPRECATED_OBJC_IMPLEMENTATIONS = YES;
				CLANG_WARN_DIRECT_OBJC_ISA_USAGE = YES_ERROR;
				CLANG_WARN_DOCUMENTATION_COMMENTS = YES;
				CLANG_WARN_EMPTY_BODY = YES;
				CLANG_WARN_ENUM_CONVERSION = YES;
				CLANG_WARN_INFINITE_RECURSION = YES;
				CLANG_WARN_INT_CONVERSION = YES;
				CLANG_WARN_NON_LITERAL_NULL_CONVERSION = YES;
				CLANG_WARN_OBJC_IMPLICIT_RETAIN_SELF = YES;
				CLANG_WARN_OBJC_LITERAL_CONVERSION = YES;
				CLANG_WARN_OBJC_ROOT_CLASS = YES_ERROR;
				CLANG_WARN_QUOTED_INCLUDE_IN_FRAMEWORK_HEADER = YES;
				CLANG_WARN_RANGE_LOOP_ANALYSIS = YES;
				CLANG_WARN_STRICT_PROTOTYPES = YES;
				CLANG_WARN_SUSPICIOUS_MOVE = YES;
				CLANG_WARN_UNGUARDED_AVAILABILITY = YES_AGGRESSIVE;
				CLANG_WARN_UNREACHABLE_CODE = YES;
				CLANG_WARN__DUPLICATE_METHOD_MATCH = YES;
				COPY_PHASE_STRIP = NO;
				DEBUG_INFORMATION_FORMAT = dwarf;
				ENABLE_STRICT_OBJC_MSGSEND = YES;
				ENABLE_TESTABILITY = YES;
				GCC_C_LANGUAGE_STANDARD = gnu11;
				GCC_DYNAMIC_NO_PIC = NO;
				GCC_NO_COMMON_BLOCKS = YES;
				GCC_OPTIMIZATION_LEVEL = 0;
				GCC_PREPROCESSOR_DEFINITIONS = (
					"DEBUG=1",
					"$(inherited)",
				);
				GCC_WARN_64_TO_32_BIT_CONVERSION = YES;
				GCC_WARN_ABOUT_RETURN_TYPE = YES_ERROR;
				GCC_WARN_UNDECLARED_SELECTOR = YES;
				GCC_WARN_UNINITIALIZED_AUTOS = YES_AGGRESSIVE;
				GCC_WARN_UNUSED_FUNCTION = YES;
				GCC_WARN_UNUSED_VARIABLE = YES;
				IPHONEOS_DEPLOYMENT_TARGET = 14.2;
				MTL_ENABLE_DEBUG_INFO = INCLUDE_SOURCE;
				MTL_FAST_MATH = YES;
				ONLY_ACTIVE_ARCH = YES;
				SDKROOT = iphoneos;
				SWIFT_ACTIVE_COMPILATION_CONDITIONS = DEBUG;
				SWIFT_OPTIMIZATION_LEVEL = "-Onone";
			};
			name = Debug;
		};
		67A229F7257F106000DD6FE9 /* Release */ = {
			isa = XCBuildConfiguration;
			buildSettings = {
				ALWAYS_SEARCH_USER_PATHS = NO;
				CLANG_ANALYZER_NONNULL = YES;
				CLANG_ANALYZER_NUMBER_OBJECT_CONVERSION = YES_AGGRESSIVE;
				CLANG_CXX_LANGUAGE_STANDARD = "gnu++14";
				CLANG_CXX_LIBRARY = "libc++";
				CLANG_ENABLE_MODULES = YES;
				CLANG_ENABLE_OBJC_ARC = YES;
				CLANG_ENABLE_OBJC_WEAK = YES;
				CLANG_WARN_BLOCK_CAPTURE_AUTORELEASING = YES;
				CLANG_WARN_BOOL_CONVERSION = YES;
				CLANG_WARN_COMMA = YES;
				CLANG_WARN_CONSTANT_CONVERSION = YES;
				CLANG_WARN_DEPRECATED_OBJC_IMPLEMENTATIONS = YES;
				CLANG_WARN_DIRECT_OBJC_ISA_USAGE = YES_ERROR;
				CLANG_WARN_DOCUMENTATION_COMMENTS = YES;
				CLANG_WARN_EMPTY_BODY = YES;
				CLANG_WARN_ENUM_CONVERSION = YES;
				CLANG_WARN_INFINITE_RECURSION = YES;
				CLANG_WARN_INT_CONVERSION = YES;
				CLANG_WARN_NON_LITERAL_NULL_CONVERSION = YES;
				CLANG_WARN_OBJC_IMPLICIT_RETAIN_SELF = YES;
				CLANG_WARN_OBJC_LITERAL_CONVERSION = YES;
				CLANG_WARN_OBJC_ROOT_CLASS = YES_ERROR;
				CLANG_WARN_QUOTED_INCLUDE_IN_FRAMEWORK_HEADER = YES;
				CLANG_WARN_RANGE_LOOP_ANALYSIS = YES;
				CLANG_WARN_STRICT_PROTOTYPES = YES;
				CLANG_WARN_SUSPICIOUS_MOVE = YES;
				CLANG_WARN_UNGUARDED_AVAILABILITY = YES_AGGRESSIVE;
				CLANG_WARN_UNREACHABLE_CODE = YES;
				CLANG_WARN__DUPLICATE_METHOD_MATCH = YES;
				COPY_PHASE_STRIP = NO;
				DEBUG_INFORMATION_FORMAT = "dwarf-with-dsym";
				ENABLE_NS_ASSERTIONS = NO;
				ENABLE_STRICT_OBJC_MSGSEND = YES;
				GCC_C_LANGUAGE_STANDARD = gnu11;
				GCC_NO_COMMON_BLOCKS = YES;
				GCC_WARN_64_TO_32_BIT_CONVERSION = YES;
				GCC_WARN_ABOUT_RETURN_TYPE = YES_ERROR;
				GCC_WARN_UNDECLARED_SELECTOR = YES;
				GCC_WARN_UNINITIALIZED_AUTOS = YES_AGGRESSIVE;
				GCC_WARN_UNUSED_FUNCTION = YES;
				GCC_WARN_UNUSED_VARIABLE = YES;
				IPHONEOS_DEPLOYMENT_TARGET = 14.2;
				MTL_ENABLE_DEBUG_INFO = NO;
				MTL_FAST_MATH = YES;
				SDKROOT = iphoneos;
				SWIFT_COMPILATION_MODE = wholemodule;
				SWIFT_OPTIMIZATION_LEVEL = "-O";
				VALIDATE_PRODUCT = YES;
			};
			name = Release;
		};
		67A229F9257F106000DD6FE9 /* Debug */ = {
			isa = XCBuildConfiguration;
			baseConfigurationReference = 1256DECD6D215AC65683488F /* Pods-instagram.debug.xcconfig */;
			buildSettings = {
				ASSETCATALOG_COMPILER_APPICON_NAME = AppIcon;
				ASSETCATALOG_COMPILER_GLOBAL_ACCENT_COLOR_NAME = AccentColor;
				CODE_SIGN_STYLE = Automatic;
				DEVELOPMENT_TEAM = L6M78ZXF68;
				INFOPLIST_FILE = instagram/Info.plist;
				LD_RUNPATH_SEARCH_PATHS = (
					"$(inherited)",
					"@executable_path/Frameworks",
				);
				PRODUCT_BUNDLE_IDENTIFIER = com.anhdinh.instagram;
				PRODUCT_NAME = "$(TARGET_NAME)";
				SWIFT_VERSION = 5.0;
				TARGETED_DEVICE_FAMILY = "1,2";
			};
			name = Debug;
		};
		67A229FA257F106000DD6FE9 /* Release */ = {
			isa = XCBuildConfiguration;
			baseConfigurationReference = 4092B829B5A27240E6475EAA /* Pods-instagram.release.xcconfig */;
			buildSettings = {
				ASSETCATALOG_COMPILER_APPICON_NAME = AppIcon;
				ASSETCATALOG_COMPILER_GLOBAL_ACCENT_COLOR_NAME = AccentColor;
				CODE_SIGN_STYLE = Automatic;
				DEVELOPMENT_TEAM = L6M78ZXF68;
				INFOPLIST_FILE = instagram/Info.plist;
				LD_RUNPATH_SEARCH_PATHS = (
					"$(inherited)",
					"@executable_path/Frameworks",
				);
				PRODUCT_BUNDLE_IDENTIFIER = com.anhdinh.instagram;
				PRODUCT_NAME = "$(TARGET_NAME)";
				SWIFT_VERSION = 5.0;
				TARGETED_DEVICE_FAMILY = "1,2";
			};
			name = Release;
		};
/* End XCBuildConfiguration section */

/* Begin XCConfigurationList section */
		67A229DF257F105D00DD6FE9 /* Build configuration list for PBXProject "instagram" */ = {
			isa = XCConfigurationList;
			buildConfigurations = (
				67A229F6257F106000DD6FE9 /* Debug */,
				67A229F7257F106000DD6FE9 /* Release */,
			);
			defaultConfigurationIsVisible = 0;
			defaultConfigurationName = Release;
		};
		67A229F8257F106000DD6FE9 /* Build configuration list for PBXNativeTarget "instagram" */ = {
			isa = XCConfigurationList;
			buildConfigurations = (
				67A229F9257F106000DD6FE9 /* Debug */,
				67A229FA257F106000DD6FE9 /* Release */,
			);
			defaultConfigurationIsVisible = 0;
			defaultConfigurationName = Release;
		};
/* End XCConfigurationList section */
	};
	rootObject = 67A229DC257F105D00DD6FE9 /* Project object */;
}
